
Microsoft Visual Studio Solution File, Format Version 12.00
# Visual Studio Version 17
VisualStudioVersion = 17.8.34330.188
MinimumVisualStudioVersion = 10.0.40219.1
Project("{9A19103F-16F7-4668-BE54-9A1E7A4F7556}") = "BancaWebUG", "BancaWebUG\BancaWebUG.csproj", "{C5000BEE-BB92-4C65-9836-B075E462DD87}"
EndProject
Project("{9A19103F-16F7-4668-BE54-9A1E7A4F7556}") = "BancaEntidades", "BancaEntidades\BancaEntidades.csproj", "{840FFD1A-342E-4C97-AE99-D438945444F2}"
EndProject
Project("{E53339B2-1760-4266-BCC7-CA923CBCF16C}") = "docker-compose", "docker-compose.dcproj", "{8088E052-4063-4546-8734-DA482AA97029}"
EndProject
Global
	GlobalSection(SolutionConfigurationPlatforms) = preSolution
		Debug|Any CPU = Debug|Any CPU
		Release|Any CPU = Release|Any CPU
	EndGlobalSection
	GlobalSection(ProjectConfigurationPlatforms) = postSolution
		{C5000BEE-BB92-4C65-9836-B075E462DD87}.Debug|Any CPU.ActiveCfg = Debug|Any CPU
		{C5000BEE-BB92-4C65-9836-B075E462DD87}.Debug|Any CPU.Build.0 = Debug|Any CPU
		{C5000BEE-BB92-4C65-9836-B075E462DD87}.Release|Any CPU.ActiveCfg = Release|Any CPU
		{C5000BEE-BB92-4C65-9836-B075E462DD87}.Release|Any CPU.Build.0 = Release|Any CPU
		{840FFD1A-342E-4C97-AE99-D438945444F2}.Debug|Any CPU.ActiveCfg = Debug|Any CPU
		{840FFD1A-342E-4C97-AE99-D438945444F2}.Debug|Any CPU.Build.0 = Debug|Any CPU
		{840FFD1A-342E-4C97-AE99-D438945444F2}.Release|Any CPU.ActiveCfg = Release|Any CPU
		{840FFD1A-342E-4C97-AE99-D438945444F2}.Release|Any CPU.Build.0 = Release|Any CPU
		{8088E052-4063-4546-8734-DA482AA97029}.Debug|Any CPU.ActiveCfg = Debug|Any CPU
		{8088E052-4063-4546-8734-DA482AA97029}.Debug|Any CPU.Build.0 = Debug|Any CPU
		{8088E052-4063-4546-8734-DA482AA97029}.Release|Any CPU.ActiveCfg = Release|Any CPU
		{8088E052-4063-4546-8734-DA482AA97029}.Release|Any CPU.Build.0 = Release|Any CPU
	EndGlobalSection
	GlobalSection(SolutionProperties) = preSolution
		HideSolutionNode = FALSE
	EndGlobalSection
	GlobalSection(ExtensibilityGlobals) = postSolution
		SolutionGuid = {5D23C27B-5BEB-4A46-B700-8F9A88BDFEFB}
	EndGlobalSection
EndGlobal
